// !$*UTF8*$!
{
	archiveVersion = 1;
	classes = {
	};
	objectVersion = 46;
	objects = {

/* Begin PBXBuildFile section */
		9B6952961F28F58C00CB1873 /* Unknown-1.jpeg in Resources */ = {isa = PBXBuildFile; fileRef = 9B6952951F28F58C00CB1873 /* Unknown-1.jpeg */; };
		9B69529C1F29202900CB1873 /* SuppliesViewController.swift in Sources */ = {isa = PBXBuildFile; fileRef = 9B69529B1F29202900CB1873 /* SuppliesViewController.swift */; };
		9B69529E1F29203D00CB1873 /* LocationViewController.swift in Sources */ = {isa = PBXBuildFile; fileRef = 9B69529D1F29203D00CB1873 /* LocationViewController.swift */; };
		9B8FD39B1F2A3B2900CF5143 /* CoreLocation.framework in Frameworks */ = {isa = PBXBuildFile; fileRef = 9B8FD39A1F2A3B2900CF5143 /* CoreLocation.framework */; };
		9BD364671F28E959001E9757 /* AppDelegate.swift in Sources */ = {isa = PBXBuildFile; fileRef = 9BD364661F28E959001E9757 /* AppDelegate.swift */; };
		9BD364691F28E959001E9757 /* ViewController.swift in Sources */ = {isa = PBXBuildFile; fileRef = 9BD364681F28E959001E9757 /* ViewController.swift */; };
		9BD3646C1F28E959001E9757 /* Main.storyboard in Resources */ = {isa = PBXBuildFile; fileRef = 9BD3646A1F28E959001E9757 /* Main.storyboard */; };
		9BD3646E1F28E959001E9757 /* Assets.xcassets in Resources */ = {isa = PBXBuildFile; fileRef = 9BD3646D1F28E959001E9757 /* Assets.xcassets */; };
		9BD364711F28E959001E9757 /* LaunchScreen.storyboard in Resources */ = {isa = PBXBuildFile; fileRef = 9BD3646F1F28E959001E9757 /* LaunchScreen.storyboard */; };
		9BD364791F28F04F001E9757 /* SafetyViewController.swift in Sources */ = {isa = PBXBuildFile; fileRef = 9BD364781F28F04F001E9757 /* SafetyViewController.swift */; };
/* End PBXBuildFile section */

/* Begin PBXFileReference section */
		9B6952951F28F58C00CB1873 /* Unknown-1.jpeg */ = {isa = PBXFileReference; lastKnownFileType = image.jpeg; path = "Unknown-1.jpeg"; sourceTree = "<group>"; };
		9B69529B1F29202900CB1873 /* SuppliesViewController.swift */ = {isa = PBXFileReference; fileEncoding = 4; lastKnownFileType = sourcecode.swift; path = SuppliesViewController.swift; sourceTree = "<group>"; };
		9B69529D1F29203D00CB1873 /* LocationViewController.swift */ = {isa = PBXFileReference; fileEncoding = 4; lastKnownFileType = sourcecode.swift; name = LocationViewController.swift; path = ../LocationViewController.swift; sourceTree = "<group>"; };
		9B8FD39A1F2A3B2900CF5143 /* CoreLocation.framework */ = {isa = PBXFileReference; lastKnownFileType = wrapper.framework; name = CoreLocation.framework; path = System/Library/Frameworks/CoreLocation.framework; sourceTree = SDKROOT; };
		9BD364631F28E959001E9757 /* AutoLayout.app */ = {isa = PBXFileReference; explicitFileType = wrapper.application; includeInIndex = 0; path = AutoLayout.app; sourceTree = BUILT_PRODUCTS_DIR; };
		9BD364661F28E959001E9757 /* AppDelegate.swift */ = {isa = PBXFileReference; lastKnownFileType = sourcecode.swift; path = AppDelegate.swift; sourceTree = "<group>"; };
		9BD364681F28E959001E9757 /* ViewController.swift */ = {isa = PBXFileReference; lastKnownFileType = sourcecode.swift; path = ViewController.swift; sourceTree = "<group>"; };
		9BD3646B1F28E959001E9757 /* Base */ = {isa = PBXFileReference; lastKnownFileType = file.storyboard; name = Base; path = Base.lproj/Main.storyboard; sourceTree = "<group>"; };
		9BD3646D1F28E959001E9757 /* Assets.xcassets */ = {isa = PBXFileReference; lastKnownFileType = folder.assetcatalog; path = Assets.xcassets; sourceTree = "<group>"; };
		9BD364701F28E959001E9757 /* Base */ = {isa = PBXFileReference; lastKnownFileType = file.storyboard; name = Base; path = Base.lproj/LaunchScreen.storyboard; sourceTree = "<group>"; };
		9BD364721F28E959001E9757 /* Info.plist */ = {isa = PBXFileReference; lastKnownFileType = text.plist.xml; path = Info.plist; sourceTree = "<group>"; };
		9BD364781F28F04F001E9757 /* SafetyViewController.swift */ = {isa = PBXFileReference; fileEncoding = 4; lastKnownFileType = sourcecode.swift; path = SafetyViewController.swift; sourceTree = "<group>"; };
/* End PBXFileReference section */

/* Begin PBXFrameworksBuildPhase section */
		9BD364601F28E959001E9757 /* Frameworks */ = {
			isa = PBXFrameworksBuildPhase;
			buildActionMask = 2147483647;
			files = (
				9B8FD39B1F2A3B2900CF5143 /* CoreLocation.framework in Frameworks */,
			);
			runOnlyForDeploymentPostprocessing = 0;
		};
/* End PBXFrameworksBuildPhase section */

/* Begin PBXGroup section */
		9B8FD3991F2A3B2900CF5143 /* Frameworks */ = {
			isa = PBXGroup;
			children = (
				9B8FD39A1F2A3B2900CF5143 /* CoreLocation.framework */,
			);
			name = Frameworks;
			sourceTree = "<group>";
		};
		9BD3645A1F28E959001E9757 = {
			isa = PBXGroup;
			children = (
				9BD364651F28E959001E9757 /* AutoLayout */,
				9BD364641F28E959001E9757 /* Products */,
				9B8FD3991F2A3B2900CF5143 /* Frameworks */,
			);
			sourceTree = "<group>";
		};
		9BD364641F28E959001E9757 /* Products */ = {
			isa = PBXGroup;
			children = (
				9BD364631F28E959001E9757 /* AutoLayout.app */,
			);
			name = Products;
			sourceTree = "<group>";
		};
		9BD364651F28E959001E9757 /* AutoLayout */ = {
			isa = PBXGroup;
			children = (
				9B69529D1F29203D00CB1873 /* LocationViewController.swift */,
				9B69529B1F29202900CB1873 /* SuppliesViewController.swift */,
				9BD364661F28E959001E9757 /* AppDelegate.swift */,
				9BD364681F28E959001E9757 /* ViewController.swift */,
				9BD3646A1F28E959001E9757 /* Main.storyboard */,
				9BD364781F28F04F001E9757 /* SafetyViewController.swift */,
				9B6952951F28F58C00CB1873 /* Unknown-1.jpeg */,
				9BD3646D1F28E959001E9757 /* Assets.xcassets */,
				9BD3646F1F28E959001E9757 /* LaunchScreen.storyboard */,
				9BD364721F28E959001E9757 /* Info.plist */,
			);
			path = AutoLayout;
			sourceTree = "<group>";
		};
/* End PBXGroup section */

/* Begin PBXNativeTarget section */
		9BD364621F28E959001E9757 /* AutoLayout */ = {
			isa = PBXNativeTarget;
			buildConfigurationList = 9BD364751F28E959001E9757 /* Build configuration list for PBXNativeTarget "AutoLayout" */;
			buildPhases = (
				9BD3645F1F28E959001E9757 /* Sources */,
				9BD364601F28E959001E9757 /* Frameworks */,
				9BD364611F28E959001E9757 /* Resources */,
			);
			buildRules = (
			);
			dependencies = (
			);
			name = AutoLayout;
			productName = AutoLayout;
			productReference = 9BD364631F28E959001E9757 /* AutoLayout.app */;
			productType = "com.apple.product-type.application";
		};
/* End PBXNativeTarget section */

/* Begin PBXProject section */
		9BD3645B1F28E959001E9757 /* Project object */ = {
			isa = PBXProject;
			attributes = {
				LastSwiftUpdateCheck = 0830;
				LastUpgradeCheck = 0830;
				ORGANIZATIONNAME = TyTom;
				TargetAttributes = {
					9BD364621F28E959001E9757 = {
						CreatedOnToolsVersion = 8.3.3;
						DevelopmentTeam = 6ZSRWH66B3;
						ProvisioningStyle = Automatic;
					};
				};
			};
			buildConfigurationList = 9BD3645E1F28E959001E9757 /* Build configuration list for PBXProject "AutoLayout" */;
			compatibilityVersion = "Xcode 3.2";
			developmentRegion = English;
			hasScannedForEncodings = 0;
			knownRegions = (
				en,
				Base,
			);
			mainGroup = 9BD3645A1F28E959001E9757;
			productRefGroup = 9BD364641F28E959001E9757 /* Products */;
			projectDirPath = "";
			projectRoot = "";
			targets = (
				9BD364621F28E959001E9757 /* AutoLayout */,
			);
		};
/* End PBXProject section */

/* Begin PBXResourcesBuildPhase section */
		9BD364611F28E959001E9757 /* Resources */ = {
			isa = PBXResourcesBuildPhase;
			buildActionMask = 2147483647;
			files = (
				9B6952961F28F58C00CB1873 /* Unknown-1.jpeg in Resources */,
				9BD364711F28E959001E9757 /* LaunchScreen.storyboard in Resources */,
				9BD3646E1F28E959001E9757 /* Assets.xcassets in Resources */,
				9BD3646C1F28E959001E9757 /* Main.storyboard in Resources */,
			);
			runOnlyForDeploymentPostprocessing = 0;
		};
/* End PBXResourcesBuildPhase section */

/* Begin PBXSourcesBuildPhase section */
		9BD3645F1F28E959001E9757 /* Sources */ = {
			isa = PBXSourcesBuildPhase;
			buildActionMask = 2147483647;
			files = (
				9B69529E1F29203D00CB1873 /* LocationViewController.swift in Sources */,
				9BD364791F28F04F001E9757 /* SafetyViewController.swift in Sources */,
				9BD364691F28E959001E9757 /* ViewController.swift in Sources */,
				9B69529C1F29202900CB1873 /* SuppliesViewController.swift in Sources */,
				9BD364671F28E959001E9757 /* AppDelegate.swift in Sources */,
			);
			runOnlyForDeploymentPostprocessing = 0;
		};
/* End PBXSourcesBuildPhase section */

/* Begin PBXVariantGroup section */
		9BD3646A1F28E959001E9757 /* Main.storyboard */ = {
			isa = PBXVariantGroup;
			children = (
				9BD3646B1F28E959001E9757 /* Base */,
			);
			name = Main.storyboard;
			sourceTree = "<group>";
		};
		9BD3646F1F28E959001E9757 /* LaunchScreen.storyboard */ = {
			isa = PBXVariantGroup;
			children = (
				9BD364701F28E959001E9757 /* Base */,
			);
			name = LaunchScreen.storyboard;
			sourceTree = "<group>";
		};
/* End PBXVariantGroup section */

/* Begin XCBuildConfiguration section */
		9BD364731F28E959001E9757 /* Debug */ = {
			isa = XCBuildConfiguration;
			buildSettings = {
				ALWAYS_SEARCH_USER_PATHS = NO;
				CLANG_ANALYZER_NONNULL = YES;
				CLANG_ANALYZER_NUMBER_OBJECT_CONVERSION = YES_AGGRESSIVE;
				CLANG_CXX_LANGUAGE_STANDARD = "gnu++0x";
				CLANG_CXX_LIBRARY = "libc++";
				CLANG_ENABLE_MODULES = YES;
				CLANG_ENABLE_OBJC_ARC = YES;
				CLANG_WARN_BOOL_CONVERSION = YES;
				CLANG_WARN_CONSTANT_CONVERSION = YES;
				CLANG_WARN_DIRECT_OBJC_ISA_USAGE = YES_ERROR;
				CLANG_WARN_DOCUMENTATION_COMMENTS = YES;
				CLANG_WARN_EMPTY_BODY = YES;
				CLANG_WARN_ENUM_CONVERSION = YES;
				CLANG_WARN_INFINITE_RECURSION = YES;
				CLANG_WARN_INT_CONVERSION = YES;
				CLANG_WARN_OBJC_ROOT_CLASS = YES_ERROR;
				CLANG_WARN_SUSPICIOUS_MOVE = YES;
				CLANG_WARN_UNREACHABLE_CODE = YES;
				CLANG_WARN__DUPLICATE_METHOD_MATCH = YES;
				"CODE_SIGN_IDENTITY[sdk=iphoneos*]" = "iPhone Developer";
				COPY_PHASE_STRIP = NO;
				DEBUG_INFORMATION_FORMAT = dwarf;
				ENABLE_STRICT_OBJC_MSGSEND = YES;
				ENABLE_TESTABILITY = YES;
				GCC_C_LANGUAGE_STANDARD = gnu99;
				GCC_DYNAMIC_NO_PIC = NO;
				GCC_NO_COMMON_BLOCKS = YES;
				GCC_OPTIMIZATION_LEVEL = 0;
				GCC_PREPROCESSOR_DEFINITIONS = (
					"DEBUG=1",
					"$(inherited)",
				);
				GCC_WARN_64_TO_32_BIT_CONVERSION = YES;
				GCC_WARN_ABOUT_RETURN_TYPE = YES_ERROR;
				GCC_WARN_UNDECLARED_SELECTOR = YES;
				GCC_WARN_UNINITIALIZED_AUTOS = YES_AGGRESSIVE;
				GCC_WARN_UNUSED_FUNCTION = YES;
				GCC_WARN_UNUSED_VARIABLE = YES;
				IPHONEOS_DEPLOYMENT_TARGET = 10.3;
				MTL_ENABLE_DEBUG_INFO = YES;
				ONLY_ACTIVE_ARCH = YES;
				SDKROOT = iphoneos;
				SWIFT_ACTIVE_COMPILATION_CONDITIONS = DEBUG;
				SWIFT_OPTIMIZATION_LEVEL = "-Onone";
			};
			name = Debug;
		};
		9BD364741F28E959001E9757 /* Release */ = {
			isa = XCBuildConfiguration;
			buildSettings = {
				ALWAYS_SEARCH_USER_PATHS = NO;
				CLANG_ANALYZER_NONNULL = YES;
				CLANG_ANALYZER_NUMBER_OBJECT_CONVERSION = YES_AGGRESSIVE;
				CLANG_CXX_LANGUAGE_STANDARD = "gnu++0x";
				CLANG_CXX_LIBRARY = "libc++";
				CLANG_ENABLE_MODULES = YES;
				CLANG_ENABLE_OBJC_ARC = YES;
				CLANG_WARN_BOOL_CONVERSION = YES;
				CLANG_WARN_CONSTANT_CONVERSION = YES;
				CLANG_WARN_DIRECT_OBJC_ISA_USAGE = YES_ERROR;
				CLANG_WARN_DOCUMENTATION_COMMENTS = YES;
				CLANG_WARN_EMPTY_BODY = YES;
				CLANG_WARN_ENUM_CONVERSION = YES;
				CLANG_WARN_INFINITE_RECURSION = YES;
				CLANG_WARN_INT_CONVERSION = YES;
				CLANG_WARN_OBJC_ROOT_CLASS = YES_ERROR;
				CLANG_WARN_SUSPICIOUS_MOVE = YES;
				CLANG_WARN_UNREACHABLE_CODE = YES;
				CLANG_WARN__DUPLICATE_METHOD_MATCH = YES;
				"CODE_SIGN_IDENTITY[sdk=iphoneos*]" = "iPhone Developer";
				COPY_PHASE_STRIP = NO;
				DEBUG_INFORMATION_FORMAT = "dwarf-with-dsym";
				ENABLE_NS_ASSERTIONS = NO;
				ENABLE_STRICT_OBJC_MSGSEND = YES;
				GCC_C_LANGUAGE_STANDARD = gnu99;
				GCC_NO_COMMON_BLOCKS = YES;
				GCC_WARN_64_TO_32_BIT_CONVERSION = YES;
				GCC_WARN_ABOUT_RETURN_TYPE = YES_ERROR;
				GCC_WARN_UNDECLARED_SELECTOR = YES;
				GCC_WARN_UNINITIALIZED_AUTOS = YES_AGGRESSIVE;
				GCC_WARN_UNUSED_FUNCTION = YES;
				GCC_WARN_UNUSED_VARIABLE = YES;
				IPHONEOS_DEPLOYMENT_TARGET = 10.3;
				MTL_ENABLE_DEBUG_INFO = NO;
				SDKROOT = iphoneos;
				SWIFT_OPTIMIZATION_LEVEL = "-Owholemodule";
				VALIDATE_PRODUCT = YES;
			};
			name = Release;
		};
		9BD364761F28E959001E9757 /* Debug */ = {
			isa = XCBuildConfiguration;
			buildSettings = {
				ASSETCATALOG_COMPILER_APPICON_NAME = AppIcon;
				DEVELOPMENT_TEAM = 6ZSRWH66B3;
				INFOPLIST_FILE = AutoLayout/Info.plist;
				LD_RUNPATH_SEARCH_PATHS = "$(inherited) @executable_path/Frameworks";
				PRODUCT_BUNDLE_IDENTIFIER = com.TyTom.AutoLayout;
				PRODUCT_NAME = "$(TARGET_NAME)";
				SWIFT_VERSION = 3.0;
			};
			name = Debug;
		};
		9BD364771F28E959001E9757 /* Release */ = {
			isa = XCBuildConfiguration;
			buildSettings = {
				ASSETCATALOG_COMPILER_APPICON_NAME = AppIcon;
				DEVELOPMENT_TEAM = 6ZSRWH66B3;
				INFOPLIST_FILE = AutoLayout/Info.plist;
				LD_RUNPATH_SEARCH_PATHS = "$(inherited) @executable_path/Frameworks";
				PRODUCT_BUNDLE_IDENTIFIER = com.TyTom.AutoLayout;
				PRODUCT_NAME = "$(TARGET_NAME)";
				SWIFT_VERSION = 3.0;
			};
			name = Release;
		};
/* End XCBuildConfiguration section */

/* Begin XCConfigurationList section */
		9BD3645E1F28E959001E9757 /* Build configuration list for PBXProject "AutoLayout" */ = {
			isa = XCConfigurationList;
			buildConfigurations = (
				9BD364731F28E959001E9757 /* Debug */,
				9BD364741F28E959001E9757 /* Release */,
			);
			defaultConfigurationIsVisible = 0;
			defaultConfigurationName = Release;
		};
		9BD364751F28E959001E9757 /* Build configuration list for PBXNativeTarget "AutoLayout" */ = {
			isa = XCConfigurationList;
			buildConfigurations = (
				9BD364761F28E959001E9757 /* Debug */,
				9BD364771F28E959001E9757 /* Release */,
			);
			defaultConfigurationIsVisible = 0;
			defaultConfigurationName = Release;
		};
/* End XCConfigurationList section */
	};
	rootObject = 9BD3645B1F28E959001E9757 /* Project object */;
}
